// !$*UTF8*$!
{ archiveVersion = 1; classes = {}; objectVersion = 56; objects = {
356783EB43D8CDEA0AE1D7DB = { isa = PBXFileReference; lastKnownFileType = sourcecode.swift; path = "PenPhotoUITests/PenPhotoUITests.swift"; sourceTree = SOURCE_ROOT; };
88A0817C44D783026E855EC8 = { isa = PBXBuildFile; fileRef = 356783EB43D8CDEA0AE1D7DB; };
60A05A615AEEE73B3D186259 = { isa = PBXFileReference; lastKnownFileType = sourcecode.swift; path = "PenPhoto/CameraService.swift"; sourceTree = SOURCE_ROOT; };
2C1D42DEE05D14B80931BB26 = { isa = PBXBuildFile; fileRef = 60A05A615AEEE73B3D186259; };
7804358C966F6D250A546997 = { isa = PBXFileReference; lastKnownFileType = sourcecode.swift; path = "PenPhoto/CropEditorView.swift"; sourceTree = SOURCE_ROOT; };
B6CE5C9C69D652C1A4D79270 = { isa = PBXBuildFile; fileRef = 7804358C966F6D250A546997; };
3D62AAFBF2693A0D5E9E59F7 = { isa = PBXFileReference; lastKnownFileType = sourcecode.swift; path = "PenPhoto/EditorView.swift"; sourceTree = SOURCE_ROOT; };
E50EDB5E9D31949430A4D394 = { isa = PBXBuildFile; fileRef = 3D62AAFBF2693A0D5E9E59F7; };
1E76B3420ED3397DDAC6FCEA = { isa = PBXFileReference; lastKnownFileType = sourcecode.swift; path = "PenPhoto/ImageProcessor.swift"; sourceTree = SOURCE_ROOT; };
655010C2D9A8A165A1C2DC23 = { isa = PBXBuildFile; fileRef = 1E76B3420ED3397DDAC6FCEA; };
E490AB9942DA85F8D99D68C4 = { isa = PBXFileReference; lastKnownFileType = sourcecode.swift; path = "PenPhoto/Models.swift"; sourceTree = SOURCE_ROOT; };
D730CA02331CBB7738D41206 = { isa = PBXBuildFile; fileRef = E490AB9942DA85F8D99D68C4; };
CA466C49A764E37308F23890 = { isa = PBXFileReference; lastKnownFileType = sourcecode.swift; path = "PenPhoto/PenPhotoApp.swift"; sourceTree = SOURCE_ROOT; };
013C918ECDC30C2A3235AB16 = { isa = PBXBuildFile; fileRef = CA466C49A764E37308F23890; };
DD2BAD65DBEC5DEB9193066F = { isa = PBXFileReference; lastKnownFileType = sourcecode.swift; path = "PenPhoto/ProjectStore.swift"; sourceTree = SOURCE_ROOT; };
AF4B2325E5FB57E4F31BC81C = { isa = PBXBuildFile; fileRef = DD2BAD65DBEC5DEB9193066F; };
0F5E2A62B02088AEEA835245 = { isa = PBXFileReference; lastKnownFileType = sourcecode.swift; path = "PenPhotoTests/PenPhotoTests.swift"; sourceTree = SOURCE_ROOT; };
EC07F1227E20B304DCA41DAF = { isa = PBXBuildFile; fileRef = 0F5E2A62B02088AEEA835245; };
648EC03D1647F388903C78E2 = { isa = PBXFileReference; lastKnownFileType = image.png; path = "PenPhotoTests/Fixtures/astronaut.png"; sourceTree = SOURCE_ROOT; };
ACE80D4E8A5F81735CF8B432 = { isa = PBXBuildFile; fileRef = 648EC03D1647F388903C78E2; };
6850BBE007E5E9B01F04AB05 = { isa = PBXFileReference; lastKnownFileType = folder.assetcatalog; path = "PenPhoto/Resources/Assets.xcassets"; sourceTree = SOURCE_ROOT; };
908EC7CB0CAE18060BDA98E0 = { isa = PBXBuildFile; fileRef = 6850BBE007E5E9B01F04AB05; };
5E65C25FADE7CEEF36CF3DB0 = { isa = PBXFileReference; lastKnownFileType = file; path = "PenPhoto/Resources/OFL-Yomogi.txt"; sourceTree = SOURCE_ROOT; };
DBE98BCBEB79449DEDC192FA = { isa = PBXBuildFile; fileRef = 5E65C25FADE7CEEF36CF3DB0; };
B25CB4515B9339BCF239C194 = { isa = PBXFileReference; lastKnownFileType = file; path = "PenPhoto/Resources/Yomogi-Regular.ttf"; sourceTree = SOURCE_ROOT; };
9757C094D7581C5E294915ED = { isa = PBXBuildFile; fileRef = B25CB4515B9339BCF239C194; };
1B6A69FF6A80B58700C088C4 = { isa = PBXFileReference; lastKnownFileType = text.plist.xml; path = "PenPhoto/Info.plist"; sourceTree = SOURCE_ROOT; };
10FE28B5AEB069818AD7E4CF = { isa = PBXFileReference; lastKnownFileType = text.xcconfig; path = "Config/Signing.xcconfig"; sourceTree = SOURCE_ROOT; };
5718BA8B2965F0F686C8E55B = { isa = PBXFileReference; explicitFileType = wrapper.application; path = PenPhoto.app; sourceTree = BUILT_PRODUCTS_DIR; };
4EF5F27FC2840F4EF5595DEE = { isa = PBXFileReference; explicitFileType = wrapper.cfbundle; path = PenPhotoTests.xctest; sourceTree = BUILT_PRODUCTS_DIR; };
BCE16DD0260827ECF338C787 = { isa = PBXSourcesBuildPhase; buildActionMask = 2147483647; files = (2C1D42DEE05D14B80931BB26, B6CE5C9C69D652C1A4D79270, E50EDB5E9D31949430A4D394, 655010C2D9A8A165A1C2DC23, D730CA02331CBB7738D41206, 013C918ECDC30C2A3235AB16, AF4B2325E5FB57E4F31BC81C,); runOnlyForDeploymentPostprocessing = 0; };
7561BFB015D8F536760CB671 = { isa = PBXFrameworksBuildPhase; buildActionMask = 2147483647; files = (); runOnlyForDeploymentPostprocessing = 0; };
0189424A5A60FED329FA868E = { isa = PBXResourcesBuildPhase; buildActionMask = 2147483647; files = (908EC7CB0CAE18060BDA98E0, DBE98BCBEB79449DEDC192FA, 9757C094D7581C5E294915ED,); runOnlyForDeploymentPostprocessing = 0; };
339DB736C59701D886182828 = { isa = PBXSourcesBuildPhase; buildActionMask = 2147483647; files = (EC07F1227E20B304DCA41DAF,); runOnlyForDeploymentPostprocessing = 0; };
7B2CD6106D2201C026F030C2 = { isa = PBXFrameworksBuildPhase; buildActionMask = 2147483647; files = (); runOnlyForDeploymentPostprocessing = 0; };
26AF073B3F162EF0A4719098 = { isa = PBXResourcesBuildPhase; buildActionMask = 2147483647; files = (ACE80D4E8A5F81735CF8B432,); runOnlyForDeploymentPostprocessing = 0; };
89E1FD6268CC0F221A2BE178 = { isa = XCBuildConfiguration; baseConfigurationReference = 10FE28B5AEB069818AD7E4CF; buildSettings = { SDKROOT = "iphoneos"; IPHONEOS_DEPLOYMENT_TARGET = "17.0"; SWIFT_VERSION = "5.0"; CLANG_ENABLE_MODULES = "YES"; TARGETED_DEVICE_FAMILY = "1"; SWIFT_STRICT_CONCURRENCY = "minimal"; CODE_SIGN_STYLE = "Automatic"; SWIFT_OPTIMIZATION_LEVEL = "-Onone"; DEBUG_INFORMATION_FORMAT = "dwarf"; ENABLE_TESTABILITY = "YES"; SWIFT_ACTIVE_COMPILATION_CONDITIONS = "$(inherited) DEBUG"; }; name = Debug; };
E6DE6C99132752C914FEF632 = { isa = XCBuildConfiguration; baseConfigurationReference = 10FE28B5AEB069818AD7E4CF; buildSettings = { SDKROOT = "iphoneos"; IPHONEOS_DEPLOYMENT_TARGET = "17.0"; SWIFT_VERSION = "5.0"; CLANG_ENABLE_MODULES = "YES"; TARGETED_DEVICE_FAMILY = "1"; SWIFT_STRICT_CONCURRENCY = "minimal"; CODE_SIGN_STYLE = "Automatic"; SWIFT_OPTIMIZATION_LEVEL = "-O"; DEBUG_INFORMATION_FORMAT = "dwarf-with-dsym"; }; name = Release; };
862894B703A6DEDF96A9DD6C = { isa = XCConfigurationList; buildConfigurations = (89E1FD6268CC0F221A2BE178, E6DE6C99132752C914FEF632,); defaultConfigurationIsVisible = 0; defaultConfigurationName = Release; };
E9B2E96ABC5F6856F2BE79CF = { isa = XCBuildConfiguration; buildSettings = { PRODUCT_NAME = "$(TARGET_NAME)"; PRODUCT_BUNDLE_IDENTIFIER = "$(PENPHOTO_BUNDLE_IDENTIFIER)"; ASSETCATALOG_COMPILER_APPICON_NAME = "AppIcon"; INFOPLIST_FILE = "PenPhoto/Info.plist"; GENERATE_INFOPLIST_FILE = "NO"; SUPPORTED_PLATFORMS = "iphoneos iphonesimulator"; SUPPORTS_MACCATALYST = "NO"; LD_RUNPATH_SEARCH_PATHS = "$(inherited) @executable_path/Frameworks"; SWIFT_OPTIMIZATION_LEVEL = "-Onone"; DEBUG_INFORMATION_FORMAT = "dwarf"; ENABLE_TESTABILITY = "YES"; SWIFT_ACTIVE_COMPILATION_CONDITIONS = "$(inherited) DEBUG"; }; name = Debug; };
5A8C91857F674E16E2724F47 = { isa = XCBuildConfiguration; buildSettings = { PRODUCT_NAME = "$(TARGET_NAME)"; PRODUCT_BUNDLE_IDENTIFIER = "$(PENPHOTO_BUNDLE_IDENTIFIER)"; ASSETCATALOG_COMPILER_APPICON_NAME = "AppIcon"; INFOPLIST_FILE = "PenPhoto/Info.plist"; GENERATE_INFOPLIST_FILE = "NO"; SUPPORTED_PLATFORMS = "iphoneos iphonesimulator"; SUPPORTS_MACCATALYST = "NO"; LD_RUNPATH_SEARCH_PATHS = "$(inherited) @executable_path/Frameworks"; SWIFT_OPTIMIZATION_LEVEL = "-O"; DEBUG_INFORMATION_FORMAT = "dwarf-with-dsym"; }; name = Release; };
F37922C48DA5978D02C9E50E = { isa = XCConfigurationList; buildConfigurations = (E9B2E96ABC5F6856F2BE79CF, 5A8C91857F674E16E2724F47,); defaultConfigurationIsVisible = 0; defaultConfigurationName = Release; };
FCB48D8F88BCDB0ED9FADFD7 = { isa = XCBuildConfiguration; buildSettings = { PRODUCT_NAME = "$(TARGET_NAME)"; PRODUCT_BUNDLE_IDENTIFIER = "$(PENPHOTO_BUNDLE_IDENTIFIER).tests"; GENERATE_INFOPLIST_FILE = "YES"; TEST_HOST = "$(BUILT_PRODUCTS_DIR)/PenPhoto.app/$(BUNDLE_EXECUTABLE_FOLDER_PATH)/PenPhoto"; BUNDLE_LOADER = "$(TEST_HOST)"; LD_RUNPATH_SEARCH_PATHS = "$(inherited) @executable_path/Frameworks @loader_path/Frameworks"; SWIFT_OPTIMIZATION_LEVEL = "-Onone"; DEBUG_INFORMATION_FORMAT = "dwarf"; ENABLE_TESTABILITY = "YES"; SWIFT_ACTIVE_COMPILATION_CONDITIONS = "$(inherited) DEBUG"; }; name = Debug; };
942EEBBACD6C88CAE7F29B29 = { isa = XCBuildConfiguration; buildSettings = { PRODUCT_NAME = "$(TARGET_NAME)"; PRODUCT_BUNDLE_IDENTIFIER = "$(PENPHOTO_BUNDLE_IDENTIFIER).tests"; GENERATE_INFOPLIST_FILE = "YES"; TEST_HOST = "$(BUILT_PRODUCTS_DIR)/PenPhoto.app/$(BUNDLE_EXECUTABLE_FOLDER_PATH)/PenPhoto"; BUNDLE_LOADER = "$(TEST_HOST)"; LD_RUNPATH_SEARCH_PATHS = "$(inherited) @executable_path/Frameworks @loader_path/Frameworks"; SWIFT_OPTIMIZATION_LEVEL = "-O"; DEBUG_INFORMATION_FORMAT = "dwarf-with-dsym"; }; name = Release; };
BECB265224D91761C05FDA33 = { isa = XCConfigurationList; buildConfigurations = (FCB48D8F88BCDB0ED9FADFD7, 942EEBBACD6C88CAE7F29B29,); defaultConfigurationIsVisible = 0; defaultConfigurationName = Release; };
CCD1BDFE40AA20836710EC01 = { isa = PBXNativeTarget; buildConfigurationList = F37922C48DA5978D02C9E50E; buildPhases = (BCE16DD0260827ECF338C787, 7561BFB015D8F536760CB671, 0189424A5A60FED329FA868E,); buildRules = (); dependencies = (); name = PenPhoto; productName = PenPhoto; productReference = 5718BA8B2965F0F686C8E55B; productType = "com.apple.product-type.application"; };
D799BAE6088A90139B415FCC = { isa = PBXContainerItemProxy; containerPortal = 98F54143AB4E86B28C3AFEE0; proxyType = 1; remoteGlobalIDString = CCD1BDFE40AA20836710EC01; remoteInfo = PenPhoto; };
DE58E2B17C19600779694943 = { isa = PBXTargetDependency; target = CCD1BDFE40AA20836710EC01; targetProxy = D799BAE6088A90139B415FCC; };
5D9688571339E638D7EAD326 = { isa = PBXNativeTarget; buildConfigurationList = BECB265224D91761C05FDA33; buildPhases = (339DB736C59701D886182828, 7B2CD6106D2201C026F030C2, 26AF073B3F162EF0A4719098,); buildRules = (); dependencies = (DE58E2B17C19600779694943,); name = PenPhotoTests; productName = PenPhotoTests; productReference = 4EF5F27FC2840F4EF5595DEE; productType = "com.apple.product-type.bundle.unit-test"; };
FBDC4F23F93125BBEEAE800C = { isa = PBXGroup; children = (5718BA8B2965F0F686C8E55B, 4EF5F27FC2840F4EF5595DEE,); name = Products; sourceTree = "<group>"; };
22D63EF9F9C2656B8DEFEAB0 = { isa = PBXFileReference; explicitFileType = wrapper.cfbundle; path = PenPhotoUITests.xctest; sourceTree = BUILT_PRODUCTS_DIR; };
94C1D7A82E2F92E70C5BA5D8 = { isa = XCBuildConfiguration; buildSettings = { PRODUCT_NAME = "$(TARGET_NAME)"; PRODUCT_BUNDLE_IDENTIFIER = "$(PENPHOTO_BUNDLE_IDENTIFIER).uitests"; GENERATE_INFOPLIST_FILE = "YES"; TEST_TARGET_NAME = "PenPhoto"; SWIFT_OPTIMIZATION_LEVEL = "-Onone"; DEBUG_INFORMATION_FORMAT = "dwarf"; ENABLE_TESTABILITY = "YES"; SWIFT_ACTIVE_COMPILATION_CONDITIONS = "$(inherited) DEBUG"; }; name = Debug; };
9609A256A79253DD705A918E = { isa = XCBuildConfiguration; buildSettings = { PRODUCT_NAME = "$(TARGET_NAME)"; PRODUCT_BUNDLE_IDENTIFIER = "$(PENPHOTO_BUNDLE_IDENTIFIER).uitests"; GENERATE_INFOPLIST_FILE = "YES"; TEST_TARGET_NAME = "PenPhoto"; SWIFT_OPTIMIZATION_LEVEL = "-O"; DEBUG_INFORMATION_FORMAT = "dwarf-with-dsym"; }; name = Release; };
2C89FC06BA9452D155609FB8 = { isa = XCConfigurationList; buildConfigurations = (94C1D7A82E2F92E70C5BA5D8, 9609A256A79253DD705A918E,); defaultConfigurationIsVisible = 0; defaultConfigurationName = Release; };
8F1F827E8931A295D0C5EF8F = { isa = PBXSourcesBuildPhase; buildActionMask = 2147483647; files = (88A0817C44D783026E855EC8,); runOnlyForDeploymentPostprocessing = 0; };
3C0766BFF9D05E171232E496 = { isa = PBXFrameworksBuildPhase; buildActionMask = 2147483647; files = (); runOnlyForDeploymentPostprocessing = 0; };
5B5330F45E919B349BFE3A6A = { isa = PBXNativeTarget; buildConfigurationList = 2C89FC06BA9452D155609FB8; buildPhases = (8F1F827E8931A295D0C5EF8F, 3C0766BFF9D05E171232E496,); buildRules = (); dependencies = (DE58E2B17C19600779694943,); name = PenPhotoUITests; productName = PenPhotoUITests; productReference = 22D63EF9F9C2656B8DEFEAB0; productType = "com.apple.product-type.bundle.ui-testing"; };
B28B7AF69320201D1CF206EB = { isa = PBXGroup; children = (60A05A615AEEE73B3D186259, 7804358C966F6D250A546997, 3D62AAFBF2693A0D5E9E59F7, 1E76B3420ED3397DDAC6FCEA, E490AB9942DA85F8D99D68C4, CA466C49A764E37308F23890, DD2BAD65DBEC5DEB9193066F, 0F5E2A62B02088AEEA835245, 356783EB43D8CDEA0AE1D7DB, 6850BBE007E5E9B01F04AB05, 5E65C25FADE7CEEF36CF3DB0, B25CB4515B9339BCF239C194, 648EC03D1647F388903C78E2, 1B6A69FF6A80B58700C088C4, 10FE28B5AEB069818AD7E4CF, FBDC4F23F93125BBEEAE800C,); sourceTree = "<group>"; };
98F54143AB4E86B28C3AFEE0 = { isa = PBXProject; attributes = { LastUpgradeCheck = 2600; }; buildConfigurationList = 862894B703A6DEDF96A9DD6C; compatibilityVersion = "Xcode 14.0"; developmentRegion = ja; knownRegions = (ja, en, Base,); mainGroup = B28B7AF69320201D1CF206EB; productRefGroup = FBDC4F23F93125BBEEAE800C; projectDirPath = ""; projectRoot = ""; targets = (CCD1BDFE40AA20836710EC01, 5D9688571339E638D7EAD326, 5B5330F45E919B349BFE3A6A,); };
}; rootObject = 98F54143AB4E86B28C3AFEE0; }
